
Microsoft Visual Studio Solution File, Format Version 12.00
# Visual Studio Version 17
VisualStudioVersion = 17.3.32922.545
MinimumVisualStudioVersion = 10.0.40219.1
Project("{FAE04EC0-301F-11D3-BF4B-00C04F79EFBC}") = "Practicheskaya 5", "Practicheskaya 5.csproj", "{2FB727EC-E617-42CC-85C2-81BA712555C9}"
EndProject
Global
	GlobalSection(SolutionConfigurationPlatforms) = preSolution
		Debug|Any CPU = Debug|Any CPU
		Release|Any CPU = Release|Any CPU
	EndGlobalSection
	GlobalSection(ProjectConfigurationPlatforms) = postSolution
		{2FB727EC-E617-42CC-85C2-81BA712555C9}.Debug|Any CPU.ActiveCfg = Debug|Any CPU
		{2FB727EC-E617-42CC-85C2-81BA712555C9}.Debug|Any CPU.Build.0 = Debug|Any CPU
		{2FB727EC-E617-42CC-85C2-81BA712555C9}.Release|Any CPU.ActiveCfg = Release|Any CPU
		{2FB727EC-E617-42CC-85C2-81BA712555C9}.Release|Any CPU.Build.0 = Release|Any CPU
	EndGlobalSection
	GlobalSection(SolutionProperties) = preSolution
		HideSolutionNode = FALSE
	EndGlobalSection
	GlobalSection(ExtensibilityGlobals) = postSolution
		SolutionGuid = {4BC59B86-B1E0-44FC-AF28-C8D95DBA3F08}
	EndGlobalSection
EndGlobal
